{
  "name": "gatsby-starter-tailwind",
  "version": "1.1.0",
  "lockfileVersion": 1,
  "requires": true,
  "dependencies": {
    "react-driftjs": {
      "version": "1.0.8",
      "resolved": "https://registry.npmjs.org/react-driftjs/-/react-driftjs-1.0.8.tgz",
      "integrity": "sha512-vweesHcyDcGObxExoYHMATBMbYXGogEFZufrqfdcfIJkLIcZLyfKdFRBNknehyJACEJRQpFr9L6a3W5uy3iM8Q=="
    }
  }
}
